
Microsoft Visual Studio Solution File, Format Version 12.00
# Visual Studio Version 17
VisualStudioVersion = 17.4.33205.214
MinimumVisualStudioVersion = 10.0.40219.1
Project("{9A19103F-16F7-4668-BE54-9A1E7A4F7556}") = "BlogLab.Web", "BlogLab.Web\BlogLab.Web.csproj", "{6E8E285B-BBEB-416A-9899-7DFCE7903C79}"
EndProject
Project("{FAE04EC0-301F-11D3-BF4B-00C04F79EFBC}") = "BlogLab.Models", "BlogLab.Models\BlogLab.Models.csproj", "{E4EABDBA-4CCA-454E-9DC8-F65723BDB34D}"
EndProject
Global
	GlobalSection(SolutionConfigurationPlatforms) = preSolution
		Debug|Any CPU = Debug|Any CPU
		Release|Any CPU = Release|Any CPU
	EndGlobalSection
	GlobalSection(ProjectConfigurationPlatforms) = postSolution
		{6E8E285B-BBEB-416A-9899-7DFCE7903C79}.Debug|Any CPU.ActiveCfg = Debug|Any CPU
		{6E8E285B-BBEB-416A-9899-7DFCE7903C79}.Debug|Any CPU.Build.0 = Debug|Any CPU
		{6E8E285B-BBEB-416A-9899-7DFCE7903C79}.Release|Any CPU.ActiveCfg = Release|Any CPU
		{6E8E285B-BBEB-416A-9899-7DFCE7903C79}.Release|Any CPU.Build.0 = Release|Any CPU
		{E4EABDBA-4CCA-454E-9DC8-F65723BDB34D}.Debug|Any CPU.ActiveCfg = Debug|Any CPU
		{E4EABDBA-4CCA-454E-9DC8-F65723BDB34D}.Debug|Any CPU.Build.0 = Debug|Any CPU
		{E4EABDBA-4CCA-454E-9DC8-F65723BDB34D}.Release|Any CPU.ActiveCfg = Release|Any CPU
		{E4EABDBA-4CCA-454E-9DC8-F65723BDB34D}.Release|Any CPU.Build.0 = Release|Any CPU
	EndGlobalSection
	GlobalSection(SolutionProperties) = preSolution
		HideSolutionNode = FALSE
	EndGlobalSection
	GlobalSection(ExtensibilityGlobals) = postSolution
		SolutionGuid = {83A52788-C4C6-4108-ACB4-9DB76A182964}
	EndGlobalSection
EndGlobal
